
Microsoft Visual Studio Solution File, Format Version 12.00
# Visual Studio Version 17
VisualStudioVersion = 17.9.34902.65
MinimumVisualStudioVersion = 10.0.40219.1
Project("{9A19103F-16F7-4668-BE54-9A1E7A4F7556}") = "dzfilesrandom", "dzfilesrandom\dzfilesrandom.csproj", "{C55385BE-22CA-40BF-9829-E67C89A1AF50}"
EndProject
Project("{FAE04EC0-301F-11D3-BF4B-00C04F79EFBC}") = "replaceword", "replaceword\replaceword.csproj", "{109621B8-9787-43E2-8F16-1E43DA23A5A7}"
EndProject
Project("{FAE04EC0-301F-11D3-BF4B-00C04F79EFBC}") = "moderator", "moderator\moderator.csproj", "{03A4D17D-953B-45DF-A46F-EA616E2964BA}"
EndProject
Project("{FAE04EC0-301F-11D3-BF4B-00C04F79EFBC}") = "reversefile", "reversefile\reversefile.csproj", "{B3805C9F-E394-44F9-BF92-74257EE83DE2}"
EndProject
Project("{FAE04EC0-301F-11D3-BF4B-00C04F79EFBC}") = "analyzenumbers", "analyzenumbers\analyzenumbers.csproj", "{6FAA4EAC-1473-4B17-9AD5-4356C77CBB56}"
EndProject
Global
	GlobalSection(SolutionConfigurationPlatforms) = preSolution
		Debug|Any CPU = Debug|Any CPU
		Release|Any CPU = Release|Any CPU
	EndGlobalSection
	GlobalSection(ProjectConfigurationPlatforms) = postSolution
		{C55385BE-22CA-40BF-9829-E67C89A1AF50}.Debug|Any CPU.ActiveCfg = Debug|Any CPU
		{C55385BE-22CA-40BF-9829-E67C89A1AF50}.Debug|Any CPU.Build.0 = Debug|Any CPU
		{C55385BE-22CA-40BF-9829-E67C89A1AF50}.Release|Any CPU.ActiveCfg = Release|Any CPU
		{C55385BE-22CA-40BF-9829-E67C89A1AF50}.Release|Any CPU.Build.0 = Release|Any CPU
		{109621B8-9787-43E2-8F16-1E43DA23A5A7}.Debug|Any CPU.ActiveCfg = Debug|Any CPU
		{109621B8-9787-43E2-8F16-1E43DA23A5A7}.Debug|Any CPU.Build.0 = Debug|Any CPU
		{109621B8-9787-43E2-8F16-1E43DA23A5A7}.Release|Any CPU.ActiveCfg = Release|Any CPU
		{109621B8-9787-43E2-8F16-1E43DA23A5A7}.Release|Any CPU.Build.0 = Release|Any CPU
		{03A4D17D-953B-45DF-A46F-EA616E2964BA}.Debug|Any CPU.ActiveCfg = Debug|Any CPU
		{03A4D17D-953B-45DF-A46F-EA616E2964BA}.Debug|Any CPU.Build.0 = Debug|Any CPU
		{03A4D17D-953B-45DF-A46F-EA616E2964BA}.Release|Any CPU.ActiveCfg = Release|Any CPU
		{03A4D17D-953B-45DF-A46F-EA616E2964BA}.Release|Any CPU.Build.0 = Release|Any CPU
		{B3805C9F-E394-44F9-BF92-74257EE83DE2}.Debug|Any CPU.ActiveCfg = Debug|Any CPU
		{B3805C9F-E394-44F9-BF92-74257EE83DE2}.Debug|Any CPU.Build.0 = Debug|Any CPU
		{B3805C9F-E394-44F9-BF92-74257EE83DE2}.Release|Any CPU.ActiveCfg = Release|Any CPU
		{B3805C9F-E394-44F9-BF92-74257EE83DE2}.Release|Any CPU.Build.0 = Release|Any CPU
		{6FAA4EAC-1473-4B17-9AD5-4356C77CBB56}.Debug|Any CPU.ActiveCfg = Debug|Any CPU
		{6FAA4EAC-1473-4B17-9AD5-4356C77CBB56}.Debug|Any CPU.Build.0 = Debug|Any CPU
		{6FAA4EAC-1473-4B17-9AD5-4356C77CBB56}.Release|Any CPU.ActiveCfg = Release|Any CPU
		{6FAA4EAC-1473-4B17-9AD5-4356C77CBB56}.Release|Any CPU.Build.0 = Release|Any CPU
	EndGlobalSection
	GlobalSection(SolutionProperties) = preSolution
		HideSolutionNode = FALSE
	EndGlobalSection
	GlobalSection(ExtensibilityGlobals) = postSolution
		SolutionGuid = {317FFA8E-67F1-42CE-8A3F-DD39F0FCFB9C}
	EndGlobalSection
EndGlobal
